
Microsoft Visual Studio Solution File, Format Version 12.00
# Visual Studio Version 16
VisualStudioVersion = 16.0.31112.23
MinimumVisualStudioVersion = 10.0.40219.1
Project("{FAE04EC0-301F-11D3-BF4B-00C04F79EFBC}") = "FantasmasApi", "FantasmasApi\FantasmasApi.csproj", "{91D1492B-2778-4189-94B2-FC1B5DD8F148}"
EndProject
Global
	GlobalSection(SolutionConfigurationPlatforms) = preSolution
		Debug|Any CPU = Debug|Any CPU
		Release|Any CPU = Release|Any CPU
	EndGlobalSection
	GlobalSection(ProjectConfigurationPlatforms) = postSolution
		{91D1492B-2778-4189-94B2-FC1B5DD8F148}.Debug|Any CPU.ActiveCfg = Debug|Any CPU
		{91D1492B-2778-4189-94B2-FC1B5DD8F148}.Debug|Any CPU.Build.0 = Debug|Any CPU
		{91D1492B-2778-4189-94B2-FC1B5DD8F148}.Release|Any CPU.ActiveCfg = Release|Any CPU
		{91D1492B-2778-4189-94B2-FC1B5DD8F148}.Release|Any CPU.Build.0 = Release|Any CPU
	EndGlobalSection
	GlobalSection(SolutionProperties) = preSolution
		HideSolutionNode = FALSE
	EndGlobalSection
	GlobalSection(ExtensibilityGlobals) = postSolution
		SolutionGuid = {EE7BDE8B-78C5-446F-980D-CE270E0AC5B3}
	EndGlobalSection
EndGlobal
